// !$*UTF8*$!
{
	archiveVersion = 1;
	classes = {
	};
	objectVersion = 46;
	objects = {

/* Begin PBXBuildFile section */
		64ADC64E1A4BE93600562570 /* AppDelegate.swift in Sources */ = {isa = PBXBuildFile; fileRef = 64ADC64D1A4BE93600562570 /* AppDelegate.swift */; };
		64ADC6501A4BE93600562570 /* ViewController.swift in Sources */ = {isa = PBXBuildFile; fileRef = 64ADC64F1A4BE93600562570 /* ViewController.swift */; };
		64ADC6531A4BE93600562570 /* Main.storyboard in Resources */ = {isa = PBXBuildFile; fileRef = 64ADC6511A4BE93600562570 /* Main.storyboard */; };
		64ADC6551A4BE93600562570 /* Images.xcassets in Resources */ = {isa = PBXBuildFile; fileRef = 64ADC6541A4BE93600562570 /* Images.xcassets */; };
		64ADC6581A4BE93600562570 /* LaunchScreen.xib in Resources */ = {isa = PBXBuildFile; fileRef = 64ADC6561A4BE93600562570 /* LaunchScreen.xib */; };
		64ADC6641A4BE93600562570 /* FamilyHistoryAppTests.swift in Sources */ = {isa = PBXBuildFile; fileRef = 64ADC6631A4BE93600562570 /* FamilyHistoryAppTests.swift */; };
/* End PBXBuildFile section */

/* Begin PBXContainerItemProxy section */
		64ADC65E1A4BE93600562570 /* PBXContainerItemProxy */ = {
			isa = PBXContainerItemProxy;
			containerPortal = 64ADC6401A4BE93600562570 /* Project object */;
			proxyType = 1;
			remoteGlobalIDString = 64ADC6471A4BE93600562570;
			remoteInfo = FamilyHistoryApp;
		};
/* End PBXContainerItemProxy section */

/* Begin PBXFileReference section */
		64ADC6481A4BE93600562570 /* FamilyHistoryApp.app */ = {isa = PBXFileReference; explicitFileType = wrapper.application; includeInIndex = 0; path = FamilyHistoryApp.app; sourceTree = BUILT_PRODUCTS_DIR; };
		64ADC64C1A4BE93600562570 /* Info.plist */ = {isa = PBXFileReference; lastKnownFileType = text.plist.xml; path = Info.plist; sourceTree = "<group>"; };
		64ADC64D1A4BE93600562570 /* AppDelegate.swift */ = {isa = PBXFileReference; lastKnownFileType = sourcecode.swift; path = AppDelegate.swift; sourceTree = "<group>"; };
		64ADC64F1A4BE93600562570 /* ViewController.swift */ = {isa = PBXFileReference; lastKnownFileType = sourcecode.swift; path = ViewController.swift; sourceTree = "<group>"; };
		64ADC6521A4BE93600562570 /* Base */ = {isa = PBXFileReference; lastKnownFileType = file.storyboard; name = Base; path = Base.lproj/Main.storyboard; sourceTree = "<group>"; };
		64ADC6541A4BE93600562570 /* Images.xcassets */ = {isa = PBXFileReference; lastKnownFileType = folder.assetcatalog; path = Images.xcassets; sourceTree = "<group>"; };
		64ADC6571A4BE93600562570 /* Base */ = {isa = PBXFileReference; lastKnownFileType = file.xib; name = Base; path = Base.lproj/LaunchScreen.xib; sourceTree = "<group>"; };
		64ADC65D1A4BE93600562570 /* FamilyHistoryAppTests.xctest */ = {isa = PBXFileReference; explicitFileType = wrapper.cfbundle; includeInIndex = 0; path = FamilyHistoryAppTests.xctest; sourceTree = BUILT_PRODUCTS_DIR; };
		64ADC6621A4BE93600562570 /* Info.plist */ = {isa = PBXFileReference; lastKnownFileType = text.plist.xml; path = Info.plist; sourceTree = "<group>"; };
		64ADC6631A4BE93600562570 /* FamilyHistoryAppTests.swift */ = {isa = PBXFileReference; lastKnownFileType = sourcecode.swift; path = FamilyHistoryAppTests.swift; sourceTree = "<group>"; };
/* End PBXFileReference section */

/* Begin PBXFrameworksBuildPhase section */
		64ADC6451A4BE93600562570 /* Frameworks */ = {
			isa = PBXFrameworksBuildPhase;
			buildActionMask = 2147483647;
			files = (
			);
			runOnlyForDeploymentPostprocessing = 0;
		};
		64ADC65A1A4BE93600562570 /* Frameworks */ = {
			isa = PBXFrameworksBuildPhase;
			buildActionMask = 2147483647;
			files = (
			);
			runOnlyForDeploymentPostprocessing = 0;
		};
/* End PBXFrameworksBuildPhase section */

/* Begin PBXGroup section */
		64ADC63F1A4BE93600562570 = {
			isa = PBXGroup;
			children = (
				64ADC64A1A4BE93600562570 /* FamilyHistoryApp */,
				64ADC6601A4BE93600562570 /* FamilyHistoryAppTests */,
				64ADC6491A4BE93600562570 /* Products */,
			);
			sourceTree = "<group>";
		};
		64ADC6491A4BE93600562570 /* Products */ = {
			isa = PBXGroup;
			children = (
				64ADC6481A4BE93600562570 /* FamilyHistoryApp.app */,
				64ADC65D1A4BE93600562570 /* FamilyHistoryAppTests.xctest */,
			);
			name = Products;
			sourceTree = "<group>";
		};
		64ADC64A1A4BE93600562570 /* FamilyHistoryApp */ = {
			isa = PBXGroup;
			children = (
				64ADC64D1A4BE93600562570 /* AppDelegate.swift */,
				64ADC64F1A4BE93600562570 /* ViewController.swift */,
				64ADC6511A4BE93600562570 /* Main.storyboard */,
				64ADC6541A4BE93600562570 /* Images.xcassets */,
				64ADC6561A4BE93600562570 /* LaunchScreen.xib */,
				64ADC64B1A4BE93600562570 /* Supporting Files */,
			);
			path = FamilyHistoryApp;
			sourceTree = "<group>";
		};
		64ADC64B1A4BE93600562570 /* Supporting Files */ = {
			isa = PBXGroup;
			children = (
				64ADC64C1A4BE93600562570 /* Info.plist */,
			);
			name = "Supporting Files";
			sourceTree = "<group>";
		};
		64ADC6601A4BE93600562570 /* FamilyHistoryAppTests */ = {
			isa = PBXGroup;
			children = (
				64ADC6631A4BE93600562570 /* FamilyHistoryAppTests.swift */,
				64ADC6611A4BE93600562570 /* Supporting Files */,
			);
			path = FamilyHistoryAppTests;
			sourceTree = "<group>";
		};
		64ADC6611A4BE93600562570 /* Supporting Files */ = {
			isa = PBXGroup;
			children = (
				64ADC6621A4BE93600562570 /* Info.plist */,
			);
			name = "Supporting Files";
			sourceTree = "<group>";
		};
/* End PBXGroup section */

/* Begin PBXNativeTarget section */
		64ADC6471A4BE93600562570 /* FamilyHistoryApp */ = {
			isa = PBXNativeTarget;
			buildConfigurationList = 64ADC6671A4BE93600562570 /* Build configuration list for PBXNativeTarget "FamilyHistoryApp" */;
			buildPhases = (
				64ADC6441A4BE93600562570 /* Sources */,
				64ADC6451A4BE93600562570 /* Frameworks */,
				64ADC6461A4BE93600562570 /* Resources */,
			);
			buildRules = (
			);
			dependencies = (
			);
			name = FamilyHistoryApp;
			productName = FamilyHistoryApp;
			productReference = 64ADC6481A4BE93600562570 /* FamilyHistoryApp.app */;
			productType = "com.apple.product-type.application";
		};
		64ADC65C1A4BE93600562570 /* FamilyHistoryAppTests */ = {
			isa = PBXNativeTarget;
			buildConfigurationList = 64ADC66A1A4BE93600562570 /* Build configuration list for PBXNativeTarget "FamilyHistoryAppTests" */;
			buildPhases = (
				64ADC6591A4BE93600562570 /* Sources */,
				64ADC65A1A4BE93600562570 /* Frameworks */,
				64ADC65B1A4BE93600562570 /* Resources */,
			);
			buildRules = (
			);
			dependencies = (
				64ADC65F1A4BE93600562570 /* PBXTargetDependency */,
			);
			name = FamilyHistoryAppTests;
			productName = FamilyHistoryAppTests;
			productReference = 64ADC65D1A4BE93600562570 /* FamilyHistoryAppTests.xctest */;
			productType = "com.apple.product-type.bundle.unit-test";
		};
/* End PBXNativeTarget section */

/* Begin PBXProject section */
		64ADC6401A4BE93600562570 /* Project object */ = {
			isa = PBXProject;
			attributes = {
				LastUpgradeCheck = 0610;
				ORGANIZATIONNAME = "Tibbitts, Graham";
				TargetAttributes = {
					64ADC6471A4BE93600562570 = {
						CreatedOnToolsVersion = 6.1.1;
						DevelopmentTeam = W9372B29Q9;
					};
					64ADC65C1A4BE93600562570 = {
						CreatedOnToolsVersion = 6.1.1;
						TestTargetID = 64ADC6471A4BE93600562570;
					};
				};
			};
			buildConfigurationList = 64ADC6431A4BE93600562570 /* Build configuration list for PBXProject "FamilyHistoryApp" */;
			compatibilityVersion = "Xcode 3.2";
			developmentRegion = English;
			hasScannedForEncodings = 0;
			knownRegions = (
				en,
				Base,
			);
			mainGroup = 64ADC63F1A4BE93600562570;
			productRefGroup = 64ADC6491A4BE93600562570 /* Products */;
			projectDirPath = "";
			projectRoot = "";
			targets = (
				64ADC6471A4BE93600562570 /* FamilyHistoryApp */,
				64ADC65C1A4BE93600562570 /* FamilyHistoryAppTests */,
			);
		};
/* End PBXProject section */

/* Begin PBXResourcesBuildPhase section */
		64ADC6461A4BE93600562570 /* Resources */ = {
			isa = PBXResourcesBuildPhase;
			buildActionMask = 2147483647;
			files = (
				64ADC6531A4BE93600562570 /* Main.storyboard in Resources */,
				64ADC6581A4BE93600562570 /* LaunchScreen.xib in Resources */,
				64ADC6551A4BE93600562570 /* Images.xcassets in Resources */,
			);
			runOnlyForDeploymentPostprocessing = 0;
		};
		64ADC65B1A4BE93600562570 /* Resources */ = {
			isa = PBXResourcesBuildPhase;
			buildActionMask = 2147483647;
			files = (
			);
			runOnlyForDeploymentPostprocessing = 0;
		};
/* End PBXResourcesBuildPhase section */

/* Begin PBXSourcesBuildPhase section */
		64ADC6441A4BE93600562570 /* Sources */ = {
			isa = PBXSourcesBuildPhase;
			buildActionMask = 2147483647;
			files = (
				64ADC6501A4BE93600562570 /* ViewController.swift in Sources */,
				64ADC64E1A4BE93600562570 /* AppDelegate.swift in Sources */,
			);
			runOnlyForDeploymentPostprocessing = 0;
		};
		64ADC6591A4BE93600562570 /* Sources */ = {
			isa = PBXSourcesBuildPhase;
			buildActionMask = 2147483647;
			files = (
				64ADC6641A4BE93600562570 /* FamilyHistoryAppTests.swift in Sources */,
			);
			runOnlyForDeploymentPostprocessing = 0;
		};
/* End PBXSourcesBuildPhase section */

/* Begin PBXTargetDependency section */
		64ADC65F1A4BE93600562570 /* PBXTargetDependency */ = {
			isa = PBXTargetDependency;
			target = 64ADC6471A4BE93600562570 /* FamilyHistoryApp */;
			targetProxy = 64ADC65E1A4BE93600562570 /* PBXContainerItemProxy */;
		};
/* End PBXTargetDependency section */

/* Begin PBXVariantGroup section */
		64ADC6511A4BE93600562570 /* Main.storyboard */ = {
			isa = PBXVariantGroup;
			children = (
				64ADC6521A4BE93600562570 /* Base */,
			);
			name = Main.storyboard;
			sourceTree = "<group>";
		};
		64ADC6561A4BE93600562570 /* LaunchScreen.xib */ = {
			isa = PBXVariantGroup;
			children = (
				64ADC6571A4BE93600562570 /* Base */,
			);
			name = LaunchScreen.xib;
			sourceTree = "<group>";
		};
/* End PBXVariantGroup section */

/* Begin XCBuildConfiguration section */
		64ADC6651A4BE93600562570 /* Debug */ = {
			isa = XCBuildConfiguration;
			buildSettings = {
				ALWAYS_SEARCH_USER_PATHS = NO;
				CLANG_CXX_LANGUAGE_STANDARD = "gnu++0x";
				CLANG_CXX_LIBRARY = "libc++";
				CLANG_ENABLE_MODULES = YES;
				CLANG_ENABLE_OBJC_ARC = YES;
				CLANG_WARN_BOOL_CONVERSION = YES;
				CLANG_WARN_CONSTANT_CONVERSION = YES;
				CLANG_WARN_DIRECT_OBJC_ISA_USAGE = YES_ERROR;
				CLANG_WARN_EMPTY_BODY = YES;
				CLANG_WARN_ENUM_CONVERSION = YES;
				CLANG_WARN_INT_CONVERSION = YES;
				CLANG_WARN_OBJC_ROOT_CLASS = YES_ERROR;
				CLANG_WARN_UNREACHABLE_CODE = YES;
				CLANG_WARN__DUPLICATE_METHOD_MATCH = YES;
				"CODE_SIGN_IDENTITY[sdk=iphoneos*]" = "iPhone Developer";
				COPY_PHASE_STRIP = NO;
				ENABLE_STRICT_OBJC_MSGSEND = YES;
				GCC_C_LANGUAGE_STANDARD = gnu99;
				GCC_DYNAMIC_NO_PIC = NO;
				GCC_OPTIMIZATION_LEVEL = 0;
				GCC_PREPROCESSOR_DEFINITIONS = (
					"DEBUG=1",
					"$(inherited)",
				);
				GCC_SYMBOLS_PRIVATE_EXTERN = NO;
				GCC_WARN_64_TO_32_BIT_CONVERSION = YES;
				GCC_WARN_ABOUT_RETURN_TYPE = YES_ERROR;
				GCC_WARN_UNDECLARED_SELECTOR = YES;
				GCC_WARN_UNINITIALIZED_AUTOS = YES_AGGRESSIVE;
				GCC_WARN_UNUSED_FUNCTION = YES;
				GCC_WARN_UNUSED_VARIABLE = YES;
				IPHONEOS_DEPLOYMENT_TARGET = 8.1;
				MTL_ENABLE_DEBUG_INFO = YES;
				ONLY_ACTIVE_ARCH = YES;
				SDKROOT = iphoneos;
				SWIFT_OPTIMIZATION_LEVEL = "-Onone";
				TARGETED_DEVICE_FAMILY = 2;
			};
			name = Debug;
		};
		64ADC6661A4BE93600562570 /* Release */ = {
			isa = XCBuildConfiguration;
			buildSettings = {
				ALWAYS_SEARCH_USER_PATHS = NO;
				CLANG_CXX_LANGUAGE_STANDARD = "gnu++0x";
				CLANG_CXX_LIBRARY = "libc++";
				CLANG_ENABLE_MODULES = YES;
				CLANG_ENABLE_OBJC_ARC = YES;
				CLANG_WARN_BOOL_CONVERSION = YES;
				CLANG_WARN_CONSTANT_CONVERSION = YES;
				CLANG_WARN_DIRECT_OBJC_ISA_USAGE = YES_ERROR;
				CLANG_WARN_EMPTY_BODY = YES;
				CLANG_WARN_ENUM_CONVERSION = YES;
				CLANG_WARN_INT_CONVERSION = YES;
				CLANG_WARN_OBJC_ROOT_CLASS = YES_ERROR;
				CLANG_WARN_UNREACHABLE_CODE = YES;
				CLANG_WARN__DUPLICATE_METHOD_MATCH = YES;
				"CODE_SIGN_IDENTITY[sdk=iphoneos*]" = "iPhone Developer";
				COPY_PHASE_STRIP = YES;
				ENABLE_NS_ASSERTIONS = NO;
				ENABLE_STRICT_OBJC_MSGSEND = YES;
				GCC_C_LANGUAGE_STANDARD = gnu99;
				GCC_WARN_64_TO_32_BIT_CONVERSION = YES;
				GCC_WARN_ABOUT_RETURN_TYPE = YES_ERROR;
				GCC_WARN_UNDECLARED_SELECTOR = YES;
				GCC_WARN_UNINITIALIZED_AUTOS = YES_AGGRESSIVE;
				GCC_WARN_UNUSED_FUNCTION = YES;
				GCC_WARN_UNUSED_VARIABLE = YES;
				IPHONEOS_DEPLOYMENT_TARGET = 8.1;
				MTL_ENABLE_DEBUG_INFO = NO;
				SDKROOT = iphoneos;
				TARGETED_DEVICE_FAMILY = 2;
				VALIDATE_PRODUCT = YES;
			};
			name = Release;
		};
		64ADC6681A4BE93600562570 /* Debug */ = {
			isa = XCBuildConfiguration;
			buildSettings = {
				ASSETCATALOG_COMPILER_APPICON_NAME = AppIcon;
				CODE_SIGN_IDENTITY = "iPhone Developer";
				"CODE_SIGN_IDENTITY[sdk=iphoneos*]" = "iPhone Developer";
				INFOPLIST_FILE = FamilyHistoryApp/Info.plist;
				LD_RUNPATH_SEARCH_PATHS = "$(inherited) @executable_path/Frameworks";
				PRODUCT_NAME = "$(TARGET_NAME)";
				PROVISIONING_PROFILE = "";
				TARGETED_DEVICE_FAMILY = 2;
			};
			name = Debug;
		};
		64ADC6691A4BE93600562570 /* Release */ = {
			isa = XCBuildConfiguration;
			buildSettings = {
				ASSETCATALOG_COMPILER_APPICON_NAME = AppIcon;
				CODE_SIGN_IDENTITY = "iPhone Developer";
				"CODE_SIGN_IDENTITY[sdk=iphoneos*]" = "iPhone Developer";
				INFOPLIST_FILE = FamilyHistoryApp/Info.plist;
				LD_RUNPATH_SEARCH_PATHS = "$(inherited) @executable_path/Frameworks";
				PRODUCT_NAME = "$(TARGET_NAME)";
				PROVISIONING_PROFILE = "";
				TARGETED_DEVICE_FAMILY = 2;
			};
			name = Release;
		};
		64ADC66B1A4BE93600562570 /* Debug */ = {
			isa = XCBuildConfiguration;
			buildSettings = {
				BUNDLE_LOADER = "$(TEST_HOST)";
				FRAMEWORK_SEARCH_PATHS = (
					"$(SDKROOT)/Developer/Library/Frameworks",
					"$(inherited)",
				);
				GCC_PREPROCESSOR_DEFINITIONS = (
					"DEBUG=1",
					"$(inherited)",
				);
				INFOPLIST_FILE = FamilyHistoryAppTests/Info.plist;
				LD_RUNPATH_SEARCH_PATHS = "$(inherited) @executable_path/Frameworks @loader_path/Frameworks";
				PRODUCT_NAME = "$(TARGET_NAME)";
				TEST_HOST = "$(BUILT_PRODUCTS_DIR)/FamilyHistoryApp.app/FamilyHistoryApp";
			};
			name = Debug;
		};
		64ADC66C1A4BE93600562570 /* Release */ = {
			isa = XCBuildConfiguration;
			buildSettings = {
				BUNDLE_LOADER = "$(TEST_HOST)";
				FRAMEWORK_SEARCH_PATHS = (
					"$(SDKROOT)/Developer/Library/Frameworks",
					"$(inherited)",
				);
				INFOPLIST_FILE = FamilyHistoryAppTests/Info.plist;
				LD_RUNPATH_SEARCH_PATHS = "$(inherited) @executable_path/Frameworks @loader_path/Frameworks";
				PRODUCT_NAME = "$(TARGET_NAME)";
				TEST_HOST = "$(BUILT_PRODUCTS_DIR)/FamilyHistoryApp.app/FamilyHistoryApp";
			};
			name = Release;
		};
/* End XCBuildConfiguration section */

/* Begin XCConfigurationList section */
		64ADC6431A4BE93600562570 /* Build configuration list for PBXProject "FamilyHistoryApp" */ = {
			isa = XCConfigurationList;
			buildConfigurations = (
				64ADC6651A4BE93600562570 /* Debug */,
				64ADC6661A4BE93600562570 /* Release */,
			);
			defaultConfigurationIsVisible = 0;
			defaultConfigurationName = Release;
		};
		64ADC6671A4BE93600562570 /* Build configuration list for PBXNativeTarget "FamilyHistoryApp" */ = {
			isa = XCConfigurationList;
			buildConfigurations = (
				64ADC6681A4BE93600562570 /* Debug */,
				64ADC6691A4BE93600562570 /* Release */,
			);
			defaultConfigurationIsVisible = 0;
			defaultConfigurationName = Release;
		};
		64ADC66A1A4BE93600562570 /* Build configuration list for PBXNativeTarget "FamilyHistoryAppTests" */ = {
			isa = XCConfigurationList;
			buildConfigurations = (
				64ADC66B1A4BE93600562570 /* Debug */,
				64ADC66C1A4BE93600562570 /* Release */,
			);
			defaultConfigurationIsVisible = 0;
			defaultConfigurationName = Release;
		};
/* End XCConfigurationList section */
	};
	rootObject = 64ADC6401A4BE93600562570 /* Project object */;
}
